
Microsoft Visual Studio Solution File, Format Version 12.00
# Visual Studio 14
VisualStudioVersion = 14.0.25420.1
MinimumVisualStudioVersion = 10.0.40219.1
Project("{2150E333-8FDC-42A3-9474-1A3956D46DE8}") = "Engine", "Engine", "{E8052ED4-BC0A-40D9-8E3A-66FD45C368F3}"
EndProject
Project("{2150E333-8FDC-42A3-9474-1A3956D46DE8}") = "Games", "Games", "{DC7C0EFE-EE32-4CDF-89E6-A222B5311125}"
EndProject
Project("{8BC9CEB8-8B4A-11D0-8D11-00A0C91BC942}") = "UE4", "Intermediate\ProjectFiles\UE4.vcxproj", "{3993F7D4-DC9C-4517-95BD-6B0F509E6D90}"
EndProject
Project("{8BC9CEB8-8B4A-11D0-8D11-00A0C91BC942}") = "MyProject", "Intermediate\ProjectFiles\MyProject.vcxproj", "{6DC18247-E971-471B-983D-148D5D0E2FBF}"
EndProject
Global
	GlobalSection(SolutionConfigurationPlatforms) = preSolution
		DebugGame Editor|HTML5 = DebugGame Editor|HTML5
		DebugGame Editor|Win32 = DebugGame Editor|Win32
		DebugGame Editor|Win64 = DebugGame Editor|Win64
		DebugGame|HTML5 = DebugGame|HTML5
		DebugGame|Win32 = DebugGame|Win32
		DebugGame|Win64 = DebugGame|Win64
		Development Editor|HTML5 = Development Editor|HTML5
		Development Editor|Win32 = Development Editor|Win32
		Development Editor|Win64 = Development Editor|Win64
		Development|HTML5 = Development|HTML5
		Development|Win32 = Development|Win32
		Development|Win64 = Development|Win64
		Shipping|HTML5 = Shipping|HTML5
		Shipping|Win32 = Shipping|Win32
		Shipping|Win64 = Shipping|Win64
	EndGlobalSection
	GlobalSection(ProjectConfigurationPlatforms) = postSolution
		{3993F7D4-DC9C-4517-95BD-6B0F509E6D90}.DebugGame Editor|HTML5.ActiveCfg = BuiltWithUnrealBuildTool|Win32
		{3993F7D4-DC9C-4517-95BD-6B0F509E6D90}.DebugGame Editor|HTML5.Build.0 = BuiltWithUnrealBuildTool|Win32
		{3993F7D4-DC9C-4517-95BD-6B0F509E6D90}.DebugGame Editor|Win32.ActiveCfg = BuiltWithUnrealBuildTool|Win32
		{3993F7D4-DC9C-4517-95BD-6B0F509E6D90}.DebugGame Editor|Win32.Build.0 = BuiltWithUnrealBuildTool|Win32
		{3993F7D4-DC9C-4517-95BD-6B0F509E6D90}.DebugGame Editor|Win64.ActiveCfg = BuiltWithUnrealBuildTool|Win32
		{3993F7D4-DC9C-4517-95BD-6B0F509E6D90}.DebugGame Editor|Win64.Build.0 = BuiltWithUnrealBuildTool|Win32
		{3993F7D4-DC9C-4517-95BD-6B0F509E6D90}.DebugGame|HTML5.ActiveCfg = BuiltWithUnrealBuildTool|Win32
		{3993F7D4-DC9C-4517-95BD-6B0F509E6D90}.DebugGame|HTML5.Build.0 = BuiltWithUnrealBuildTool|Win32
		{3993F7D4-DC9C-4517-95BD-6B0F509E6D90}.DebugGame|Win32.ActiveCfg = BuiltWithUnrealBuildTool|Win32
		{3993F7D4-DC9C-4517-95BD-6B0F509E6D90}.DebugGame|Win32.Build.0 = BuiltWithUnrealBuildTool|Win32
		{3993F7D4-DC9C-4517-95BD-6B0F509E6D90}.DebugGame|Win64.ActiveCfg = BuiltWithUnrealBuildTool|Win32
		{3993F7D4-DC9C-4517-95BD-6B0F509E6D90}.DebugGame|Win64.Build.0 = BuiltWithUnrealBuildTool|Win32
		{3993F7D4-DC9C-4517-95BD-6B0F509E6D90}.Development Editor|HTML5.ActiveCfg = BuiltWithUnrealBuildTool|Win32
		{3993F7D4-DC9C-4517-95BD-6B0F509E6D90}.Development Editor|HTML5.Build.0 = BuiltWithUnrealBuildTool|Win32
		{3993F7D4-DC9C-4517-95BD-6B0F509E6D90}.Development Editor|Win32.ActiveCfg = BuiltWithUnrealBuildTool|Win32
		{3993F7D4-DC9C-4517-95BD-6B0F509E6D90}.Development Editor|Win32.Build.0 = BuiltWithUnrealBuildTool|Win32
		{3993F7D4-DC9C-4517-95BD-6B0F509E6D90}.Development Editor|Win64.ActiveCfg = BuiltWithUnrealBuildTool|Win32
		{3993F7D4-DC9C-4517-95BD-6B0F509E6D90}.Development Editor|Win64.Build.0 = BuiltWithUnrealBuildTool|Win32
		{3993F7D4-DC9C-4517-95BD-6B0F509E6D90}.Development|HTML5.ActiveCfg = BuiltWithUnrealBuildTool|Win32
		{3993F7D4-DC9C-4517-95BD-6B0F509E6D90}.Development|HTML5.Build.0 = BuiltWithUnrealBuildTool|Win32
		{3993F7D4-DC9C-4517-95BD-6B0F509E6D90}.Development|Win32.ActiveCfg = BuiltWithUnrealBuildTool|Win32
		{3993F7D4-DC9C-4517-95BD-6B0F509E6D90}.Development|Win32.Build.0 = BuiltWithUnrealBuildTool|Win32
		{3993F7D4-DC9C-4517-95BD-6B0F509E6D90}.Development|Win64.ActiveCfg = BuiltWithUnrealBuildTool|Win32
		{3993F7D4-DC9C-4517-95BD-6B0F509E6D90}.Development|Win64.Build.0 = BuiltWithUnrealBuildTool|Win32
		{3993F7D4-DC9C-4517-95BD-6B0F509E6D90}.Shipping|HTML5.ActiveCfg = BuiltWithUnrealBuildTool|Win32
		{3993F7D4-DC9C-4517-95BD-6B0F509E6D90}.Shipping|HTML5.Build.0 = BuiltWithUnrealBuildTool|Win32
		{3993F7D4-DC9C-4517-95BD-6B0F509E6D90}.Shipping|Win32.ActiveCfg = BuiltWithUnrealBuildTool|Win32
		{3993F7D4-DC9C-4517-95BD-6B0F509E6D90}.Shipping|Win32.Build.0 = BuiltWithUnrealBuildTool|Win32
		{3993F7D4-DC9C-4517-95BD-6B0F509E6D90}.Shipping|Win64.ActiveCfg = BuiltWithUnrealBuildTool|Win32
		{3993F7D4-DC9C-4517-95BD-6B0F509E6D90}.Shipping|Win64.Build.0 = BuiltWithUnrealBuildTool|Win32
		{6DC18247-E971-471B-983D-148D5D0E2FBF}.DebugGame Editor|HTML5.ActiveCfg = HTML5_DebugGame_Editor|Win32
		{6DC18247-E971-471B-983D-148D5D0E2FBF}.DebugGame Editor|Win32.ActiveCfg = DebugGame_Editor|Win32
		{6DC18247-E971-471B-983D-148D5D0E2FBF}.DebugGame Editor|Win64.ActiveCfg = DebugGame_Editor|x64
		{6DC18247-E971-471B-983D-148D5D0E2FBF}.DebugGame Editor|Win64.Build.0 = DebugGame_Editor|x64
		{6DC18247-E971-471B-983D-148D5D0E2FBF}.DebugGame|HTML5.ActiveCfg = HTML5_DebugGame_Game|Win32
		{6DC18247-E971-471B-983D-148D5D0E2FBF}.DebugGame|HTML5.Build.0 = HTML5_DebugGame_Game|Win32
		{6DC18247-E971-471B-983D-148D5D0E2FBF}.DebugGame|Win32.ActiveCfg = DebugGame_Game|Win32
		{6DC18247-E971-471B-983D-148D5D0E2FBF}.DebugGame|Win32.Build.0 = DebugGame_Game|Win32
		{6DC18247-E971-471B-983D-148D5D0E2FBF}.DebugGame|Win64.ActiveCfg = DebugGame_Game|x64
		{6DC18247-E971-471B-983D-148D5D0E2FBF}.DebugGame|Win64.Build.0 = DebugGame_Game|x64
		{6DC18247-E971-471B-983D-148D5D0E2FBF}.Development Editor|HTML5.ActiveCfg = HTML5_Development_Editor|Win32
		{6DC18247-E971-471B-983D-148D5D0E2FBF}.Development Editor|Win32.ActiveCfg = Development_Editor|Win32
		{6DC18247-E971-471B-983D-148D5D0E2FBF}.Development Editor|Win64.ActiveCfg = Development_Editor|x64
		{6DC18247-E971-471B-983D-148D5D0E2FBF}.Development Editor|Win64.Build.0 = Development_Editor|x64
		{6DC18247-E971-471B-983D-148D5D0E2FBF}.Development|HTML5.ActiveCfg = HTML5_Development_Game|Win32
		{6DC18247-E971-471B-983D-148D5D0E2FBF}.Development|HTML5.Build.0 = HTML5_Development_Game|Win32
		{6DC18247-E971-471B-983D-148D5D0E2FBF}.Development|Win32.ActiveCfg = Development_Game|Win32
		{6DC18247-E971-471B-983D-148D5D0E2FBF}.Development|Win32.Build.0 = Development_Game|Win32
		{6DC18247-E971-471B-983D-148D5D0E2FBF}.Development|Win64.ActiveCfg = Development_Game|x64
		{6DC18247-E971-471B-983D-148D5D0E2FBF}.Development|Win64.Build.0 = Development_Game|x64
		{6DC18247-E971-471B-983D-148D5D0E2FBF}.Shipping|HTML5.ActiveCfg = HTML5_Shipping_Game|Win32
		{6DC18247-E971-471B-983D-148D5D0E2FBF}.Shipping|HTML5.Build.0 = HTML5_Shipping_Game|Win32
		{6DC18247-E971-471B-983D-148D5D0E2FBF}.Shipping|Win32.ActiveCfg = Shipping_Game|Win32
		{6DC18247-E971-471B-983D-148D5D0E2FBF}.Shipping|Win32.Build.0 = Shipping_Game|Win32
		{6DC18247-E971-471B-983D-148D5D0E2FBF}.Shipping|Win64.ActiveCfg = Shipping_Game|x64
		{6DC18247-E971-471B-983D-148D5D0E2FBF}.Shipping|Win64.Build.0 = Shipping_Game|x64
	EndGlobalSection
	GlobalSection(SolutionProperties) = preSolution
		HideSolutionNode = FALSE
	EndGlobalSection
	GlobalSection(NestedProjects) = preSolution
		{3993F7D4-DC9C-4517-95BD-6B0F509E6D90} = {E8052ED4-BC0A-40D9-8E3A-66FD45C368F3}
		{6DC18247-E971-471B-983D-148D5D0E2FBF} = {DC7C0EFE-EE32-4CDF-89E6-A222B5311125}
	EndGlobalSection
EndGlobal
